
Microsoft Visual Studio Solution File, Format Version 12.00
# Visual Studio 15
VisualStudioVersion = 15.0.27703.2035
MinimumVisualStudioVersion = 10.0.40219.1
Project("{FAE04EC0-301F-11D3-BF4B-00C04F79EFBC}") = "GoBar.Android", "GoBar\GoBar.Android\GoBar.Android.csproj", "{6A3836B5-4D9E-4C93-B876-DE918206AB80}"
EndProject
Project("{FAE04EC0-301F-11D3-BF4B-00C04F79EFBC}") = "GoBar.iOS", "GoBar\GoBar.iOS\GoBar.iOS.csproj", "{50457EE4-2131-4175-85EA-912D845BC553}"
EndProject
Project("{FAE04EC0-301F-11D3-BF4B-00C04F79EFBC}") = "GoBar", "GoBar\GoBar\GoBar.csproj", "{8DD58FE6-3446-4260-BCDC-9B49ECD7123D}"
EndProject
Global
	GlobalSection(SolutionConfigurationPlatforms) = preSolution
		Ad-Hoc|Any CPU = Ad-Hoc|Any CPU
		Ad-Hoc|iPhone = Ad-Hoc|iPhone
		Ad-Hoc|iPhoneSimulator = Ad-Hoc|iPhoneSimulator
		AppStore|Any CPU = AppStore|Any CPU
		AppStore|iPhone = AppStore|iPhone
		AppStore|iPhoneSimulator = AppStore|iPhoneSimulator
		Debug|Any CPU = Debug|Any CPU
		Debug|iPhone = Debug|iPhone
		Debug|iPhoneSimulator = Debug|iPhoneSimulator
		Release|Any CPU = Release|Any CPU
		Release|iPhone = Release|iPhone
		Release|iPhoneSimulator = Release|iPhoneSimulator
	EndGlobalSection
	GlobalSection(ProjectConfigurationPlatforms) = postSolution
		{6A3836B5-4D9E-4C93-B876-DE918206AB80}.Ad-Hoc|Any CPU.ActiveCfg = Release|Any CPU
		{6A3836B5-4D9E-4C93-B876-DE918206AB80}.Ad-Hoc|Any CPU.Build.0 = Release|Any CPU
		{6A3836B5-4D9E-4C93-B876-DE918206AB80}.Ad-Hoc|Any CPU.Deploy.0 = Release|Any CPU
		{6A3836B5-4D9E-4C93-B876-DE918206AB80}.Ad-Hoc|iPhone.ActiveCfg = Release|Any CPU
		{6A3836B5-4D9E-4C93-B876-DE918206AB80}.Ad-Hoc|iPhone.Build.0 = Release|Any CPU
		{6A3836B5-4D9E-4C93-B876-DE918206AB80}.Ad-Hoc|iPhone.Deploy.0 = Release|Any CPU
		{6A3836B5-4D9E-4C93-B876-DE918206AB80}.Ad-Hoc|iPhoneSimulator.ActiveCfg = Release|Any CPU
		{6A3836B5-4D9E-4C93-B876-DE918206AB80}.Ad-Hoc|iPhoneSimulator.Build.0 = Release|Any CPU
		{6A3836B5-4D9E-4C93-B876-DE918206AB80}.Ad-Hoc|iPhoneSimulator.Deploy.0 = Release|Any CPU
		{6A3836B5-4D9E-4C93-B876-DE918206AB80}.AppStore|Any CPU.ActiveCfg = Release|Any CPU
		{6A3836B5-4D9E-4C93-B876-DE918206AB80}.AppStore|Any CPU.Build.0 = Release|Any CPU
		{6A3836B5-4D9E-4C93-B876-DE918206AB80}.AppStore|Any CPU.Deploy.0 = Release|Any CPU
		{6A3836B5-4D9E-4C93-B876-DE918206AB80}.AppStore|iPhone.ActiveCfg = Release|Any CPU
		{6A3836B5-4D9E-4C93-B876-DE918206AB80}.AppStore|iPhone.Build.0 = Release|Any CPU
		{6A3836B5-4D9E-4C93-B876-DE918206AB80}.AppStore|iPhone.Deploy.0 = Release|Any CPU
		{6A3836B5-4D9E-4C93-B876-DE918206AB80}.AppStore|iPhoneSimulator.ActiveCfg = Release|Any CPU
		{6A3836B5-4D9E-4C93-B876-DE918206AB80}.AppStore|iPhoneSimulator.Build.0 = Release|Any CPU
		{6A3836B5-4D9E-4C93-B876-DE918206AB80}.AppStore|iPhoneSimulator.Deploy.0 = Release|Any CPU
		{6A3836B5-4D9E-4C93-B876-DE918206AB80}.Debug|Any CPU.ActiveCfg = Debug|Any CPU
		{6A3836B5-4D9E-4C93-B876-DE918206AB80}.Debug|Any CPU.Build.0 = Debug|Any CPU
		{6A3836B5-4D9E-4C93-B876-DE918206AB80}.Debug|Any CPU.Deploy.0 = Debug|Any CPU
		{6A3836B5-4D9E-4C93-B876-DE918206AB80}.Debug|iPhone.ActiveCfg = Debug|Any CPU
		{6A3836B5-4D9E-4C93-B876-DE918206AB80}.Debug|iPhone.Build.0 = Debug|Any CPU
		{6A3836B5-4D9E-4C93-B876-DE918206AB80}.Debug|iPhone.Deploy.0 = Debug|Any CPU
		{6A3836B5-4D9E-4C93-B876-DE918206AB80}.Debug|iPhoneSimulator.ActiveCfg = Debug|Any CPU
		{6A3836B5-4D9E-4C93-B876-DE918206AB80}.Debug|iPhoneSimulator.Build.0 = Debug|Any CPU
		{6A3836B5-4D9E-4C93-B876-DE918206AB80}.Debug|iPhoneSimulator.Deploy.0 = Debug|Any CPU
		{6A3836B5-4D9E-4C93-B876-DE918206AB80}.Release|Any CPU.ActiveCfg = Release|Any CPU
		{6A3836B5-4D9E-4C93-B876-DE918206AB80}.Release|Any CPU.Build.0 = Release|Any CPU
		{6A3836B5-4D9E-4C93-B876-DE918206AB80}.Release|Any CPU.Deploy.0 = Release|Any CPU
		{6A3836B5-4D9E-4C93-B876-DE918206AB80}.Release|iPhone.ActiveCfg = Release|Any CPU
		{6A3836B5-4D9E-4C93-B876-DE918206AB80}.Release|iPhone.Build.0 = Release|Any CPU
		{6A3836B5-4D9E-4C93-B876-DE918206AB80}.Release|iPhone.Deploy.0 = Release|Any CPU
		{6A3836B5-4D9E-4C93-B876-DE918206AB80}.Release|iPhoneSimulator.ActiveCfg = Release|Any CPU
		{6A3836B5-4D9E-4C93-B876-DE918206AB80}.Release|iPhoneSimulator.Build.0 = Release|Any CPU
		{6A3836B5-4D9E-4C93-B876-DE918206AB80}.Release|iPhoneSimulator.Deploy.0 = Release|Any CPU
		{50457EE4-2131-4175-85EA-912D845BC553}.Ad-Hoc|Any CPU.ActiveCfg = Ad-Hoc|iPhone
		{50457EE4-2131-4175-85EA-912D845BC553}.Ad-Hoc|Any CPU.Build.0 = Ad-Hoc|iPhone
		{50457EE4-2131-4175-85EA-912D845BC553}.Ad-Hoc|Any CPU.Deploy.0 = Ad-Hoc|iPhone
		{50457EE4-2131-4175-85EA-912D845BC553}.Ad-Hoc|iPhone.ActiveCfg = Ad-Hoc|iPhone
		{50457EE4-2131-4175-85EA-912D845BC553}.Ad-Hoc|iPhone.Build.0 = Ad-Hoc|iPhone
		{50457EE4-2131-4175-85EA-912D845BC553}.Ad-Hoc|iPhone.Deploy.0 = Ad-Hoc|iPhone
		{50457EE4-2131-4175-85EA-912D845BC553}.Ad-Hoc|iPhoneSimulator.ActiveCfg = Ad-Hoc|iPhoneSimulator
		{50457EE4-2131-4175-85EA-912D845BC553}.Ad-Hoc|iPhoneSimulator.Build.0 = Ad-Hoc|iPhoneSimulator
		{50457EE4-2131-4175-85EA-912D845BC553}.Ad-Hoc|iPhoneSimulator.Deploy.0 = Ad-Hoc|iPhoneSimulator
		{50457EE4-2131-4175-85EA-912D845BC553}.AppStore|Any CPU.ActiveCfg = AppStore|iPhone
		{50457EE4-2131-4175-85EA-912D845BC553}.AppStore|Any CPU.Build.0 = AppStore|iPhone
		{50457EE4-2131-4175-85EA-912D845BC553}.AppStore|Any CPU.Deploy.0 = AppStore|iPhone
		{50457EE4-2131-4175-85EA-912D845BC553}.AppStore|iPhone.ActiveCfg = AppStore|iPhone
		{50457EE4-2131-4175-85EA-912D845BC553}.AppStore|iPhone.Build.0 = AppStore|iPhone
		{50457EE4-2131-4175-85EA-912D845BC553}.AppStore|iPhone.Deploy.0 = AppStore|iPhone
		{50457EE4-2131-4175-85EA-912D845BC553}.AppStore|iPhoneSimulator.ActiveCfg = AppStore|iPhoneSimulator
		{50457EE4-2131-4175-85EA-912D845BC553}.AppStore|iPhoneSimulator.Build.0 = AppStore|iPhoneSimulator
		{50457EE4-2131-4175-85EA-912D845BC553}.AppStore|iPhoneSimulator.Deploy.0 = AppStore|iPhoneSimulator
		{50457EE4-2131-4175-85EA-912D845BC553}.Debug|Any CPU.ActiveCfg = Debug|iPhoneSimulator
		{50457EE4-2131-4175-85EA-912D845BC553}.Debug|Any CPU.Build.0 = Debug|iPhoneSimulator
		{50457EE4-2131-4175-85EA-912D845BC553}.Debug|Any CPU.Deploy.0 = Debug|iPhoneSimulator
		{50457EE4-2131-4175-85EA-912D845BC553}.Debug|iPhone.ActiveCfg = Debug|iPhone
		{50457EE4-2131-4175-85EA-912D845BC553}.Debug|iPhone.Build.0 = Debug|iPhone
		{50457EE4-2131-4175-85EA-912D845BC553}.Debug|iPhone.Deploy.0 = Debug|iPhone
		{50457EE4-2131-4175-85EA-912D845BC553}.Debug|iPhoneSimulator.ActiveCfg = Debug|iPhoneSimulator
		{50457EE4-2131-4175-85EA-912D845BC553}.Debug|iPhoneSimulator.Build.0 = Debug|iPhoneSimulator
		{50457EE4-2131-4175-85EA-912D845BC553}.Debug|iPhoneSimulator.Deploy.0 = Debug|iPhoneSimulator
		{50457EE4-2131-4175-85EA-912D845BC553}.Release|Any CPU.ActiveCfg = Release|iPhone
		{50457EE4-2131-4175-85EA-912D845BC553}.Release|Any CPU.Build.0 = Release|iPhone
		{50457EE4-2131-4175-85EA-912D845BC553}.Release|Any CPU.Deploy.0 = Release|iPhone
		{50457EE4-2131-4175-85EA-912D845BC553}.Release|iPhone.ActiveCfg = Release|iPhone
		{50457EE4-2131-4175-85EA-912D845BC553}.Release|iPhone.Build.0 = Release|iPhone
		{50457EE4-2131-4175-85EA-912D845BC553}.Release|iPhone.Deploy.0 = Release|iPhone
		{50457EE4-2131-4175-85EA-912D845BC553}.Release|iPhoneSimulator.ActiveCfg = Release|iPhoneSimulator
		{50457EE4-2131-4175-85EA-912D845BC553}.Release|iPhoneSimulator.Build.0 = Release|iPhoneSimulator
		{50457EE4-2131-4175-85EA-912D845BC553}.Release|iPhoneSimulator.Deploy.0 = Release|iPhoneSimulator
		{8DD58FE6-3446-4260-BCDC-9B49ECD7123D}.Ad-Hoc|Any CPU.ActiveCfg = Debug|Any CPU
		{8DD58FE6-3446-4260-BCDC-9B49ECD7123D}.Ad-Hoc|Any CPU.Build.0 = Debug|Any CPU
		{8DD58FE6-3446-4260-BCDC-9B49ECD7123D}.Ad-Hoc|Any CPU.Deploy.0 = Debug|Any CPU
		{8DD58FE6-3446-4260-BCDC-9B49ECD7123D}.Ad-Hoc|iPhone.ActiveCfg = Debug|Any CPU
		{8DD58FE6-3446-4260-BCDC-9B49ECD7123D}.Ad-Hoc|iPhone.Build.0 = Debug|Any CPU
		{8DD58FE6-3446-4260-BCDC-9B49ECD7123D}.Ad-Hoc|iPhone.Deploy.0 = Debug|Any CPU
		{8DD58FE6-3446-4260-BCDC-9B49ECD7123D}.Ad-Hoc|iPhoneSimulator.ActiveCfg = Debug|Any CPU
		{8DD58FE6-3446-4260-BCDC-9B49ECD7123D}.Ad-Hoc|iPhoneSimulator.Build.0 = Debug|Any CPU
		{8DD58FE6-3446-4260-BCDC-9B49ECD7123D}.Ad-Hoc|iPhoneSimulator.Deploy.0 = Debug|Any CPU
		{8DD58FE6-3446-4260-BCDC-9B49ECD7123D}.AppStore|Any CPU.ActiveCfg = Debug|Any CPU
		{8DD58FE6-3446-4260-BCDC-9B49ECD7123D}.AppStore|Any CPU.Build.0 = Debug|Any CPU
		{8DD58FE6-3446-4260-BCDC-9B49ECD7123D}.AppStore|Any CPU.Deploy.0 = Debug|Any CPU
		{8DD58FE6-3446-4260-BCDC-9B49ECD7123D}.AppStore|iPhone.ActiveCfg = Debug|Any CPU
		{8DD58FE6-3446-4260-BCDC-9B49ECD7123D}.AppStore|iPhone.Build.0 = Debug|Any CPU
		{8DD58FE6-3446-4260-BCDC-9B49ECD7123D}.AppStore|iPhone.Deploy.0 = Debug|Any CPU
		{8DD58FE6-3446-4260-BCDC-9B49ECD7123D}.AppStore|iPhoneSimulator.ActiveCfg = Debug|Any CPU
		{8DD58FE6-3446-4260-BCDC-9B49ECD7123D}.AppStore|iPhoneSimulator.Build.0 = Debug|Any CPU
		{8DD58FE6-3446-4260-BCDC-9B49ECD7123D}.AppStore|iPhoneSimulator.Deploy.0 = Debug|Any CPU
		{8DD58FE6-3446-4260-BCDC-9B49ECD7123D}.Debug|Any CPU.ActiveCfg = Debug|Any CPU
		{8DD58FE6-3446-4260-BCDC-9B49ECD7123D}.Debug|Any CPU.Build.0 = Debug|Any CPU
		{8DD58FE6-3446-4260-BCDC-9B49ECD7123D}.Debug|Any CPU.Deploy.0 = Debug|Any CPU
		{8DD58FE6-3446-4260-BCDC-9B49ECD7123D}.Debug|iPhone.ActiveCfg = Debug|Any CPU
		{8DD58FE6-3446-4260-BCDC-9B49ECD7123D}.Debug|iPhone.Build.0 = Debug|Any CPU
		{8DD58FE6-3446-4260-BCDC-9B49ECD7123D}.Debug|iPhone.Deploy.0 = Debug|Any CPU
		{8DD58FE6-3446-4260-BCDC-9B49ECD7123D}.Debug|iPhoneSimulator.ActiveCfg = Debug|Any CPU
		{8DD58FE6-3446-4260-BCDC-9B49ECD7123D}.Debug|iPhoneSimulator.Build.0 = Debug|Any CPU
		{8DD58FE6-3446-4260-BCDC-9B49ECD7123D}.Debug|iPhoneSimulator.Deploy.0 = Debug|Any CPU
		{8DD58FE6-3446-4260-BCDC-9B49ECD7123D}.Release|Any CPU.ActiveCfg = Release|Any CPU
		{8DD58FE6-3446-4260-BCDC-9B49ECD7123D}.Release|Any CPU.Build.0 = Release|Any CPU
		{8DD58FE6-3446-4260-BCDC-9B49ECD7123D}.Release|Any CPU.Deploy.0 = Release|Any CPU
		{8DD58FE6-3446-4260-BCDC-9B49ECD7123D}.Release|iPhone.ActiveCfg = Release|Any CPU
		{8DD58FE6-3446-4260-BCDC-9B49ECD7123D}.Release|iPhone.Build.0 = Release|Any CPU
		{8DD58FE6-3446-4260-BCDC-9B49ECD7123D}.Release|iPhone.Deploy.0 = Release|Any CPU
		{8DD58FE6-3446-4260-BCDC-9B49ECD7123D}.Release|iPhoneSimulator.ActiveCfg = Release|Any CPU
		{8DD58FE6-3446-4260-BCDC-9B49ECD7123D}.Release|iPhoneSimulator.Build.0 = Release|Any CPU
		{8DD58FE6-3446-4260-BCDC-9B49ECD7123D}.Release|iPhoneSimulator.Deploy.0 = Release|Any CPU
	EndGlobalSection
	GlobalSection(SolutionProperties) = preSolution
		HideSolutionNode = FALSE
	EndGlobalSection
	GlobalSection(ExtensibilityGlobals) = postSolution
		SolutionGuid = {0FB9E0AD-85A6-4DDA-8458-30E31CCD1AEF}
	EndGlobalSection
EndGlobal
